// !$*UTF8*$!
{
	archiveVersion = 1;
	classes = {
	};
	objectVersion = 46;
	objects = {

/* Begin PBXBuildFile section */
		608241EA1AE2C2B500E3D93B /* main.m in Sources */ = {isa = PBXBuildFile; fileRef = 608241E91AE2C2B500E3D93B /* main.m */; };
		608241F11AE2C31600E3D93B /* XYShoutingPerson.m in Sources */ = {isa = PBXBuildFile; fileRef = 608241F01AE2C31600E3D93B /* XYShoutingPerson.m */; };
		608241F51AE2C32200E3D93B /* XYPerson.m in Sources */ = {isa = PBXBuildFile; fileRef = 608241F31AE2C32200E3D93B /* XYPerson.m */; };
/* End PBXBuildFile section */

/* Begin PBXCopyFilesBuildPhase section */
		608241E41AE2C2B500E3D93B /* CopyFiles */ = {
			isa = PBXCopyFilesBuildPhase;
			buildActionMask = 2147483647;
			dstPath = /usr/share/man/man1/;
			dstSubfolderSpec = 0;
			files = (
			);
			runOnlyForDeploymentPostprocessing = 1;
		};
/* End PBXCopyFilesBuildPhase section */

/* Begin PBXFileReference section */
		608241E61AE2C2B500E3D93B /* hw2 */ = {isa = PBXFileReference; explicitFileType = "compiled.mach-o.executable"; includeInIndex = 0; path = hw2; sourceTree = BUILT_PRODUCTS_DIR; };
		608241E91AE2C2B500E3D93B /* main.m */ = {isa = PBXFileReference; lastKnownFileType = sourcecode.c.objc; path = main.m; sourceTree = "<group>"; };
		608241F01AE2C31600E3D93B /* XYShoutingPerson.m */ = {isa = PBXFileReference; fileEncoding = 4; lastKnownFileType = sourcecode.c.objc; path = XYShoutingPerson.m; sourceTree = "<group>"; };
		608241F21AE2C31D00E3D93B /* XYPerson.h */ = {isa = PBXFileReference; lastKnownFileType = sourcecode.c.h; path = XYPerson.h; sourceTree = "<group>"; };
		608241F31AE2C32200E3D93B /* XYPerson.m */ = {isa = PBXFileReference; fileEncoding = 4; lastKnownFileType = sourcecode.c.objc; path = XYPerson.m; sourceTree = "<group>"; };
		608241F41AE2C32200E3D93B /* XYShoutingPerson.h */ = {isa = PBXFileReference; fileEncoding = 4; lastKnownFileType = sourcecode.c.h; path = XYShoutingPerson.h; sourceTree = "<group>"; };
/* End PBXFileReference section */

/* Begin PBXFrameworksBuildPhase section */
		608241E31AE2C2B500E3D93B /* Frameworks */ = {
			isa = PBXFrameworksBuildPhase;
			buildActionMask = 2147483647;
			files = (
			);
			runOnlyForDeploymentPostprocessing = 0;
		};
/* End PBXFrameworksBuildPhase section */

/* Begin PBXGroup section */
		608241DD1AE2C2B500E3D93B = {
			isa = PBXGroup;
			children = (
				608241E81AE2C2B500E3D93B /* hw2 */,
				608241E71AE2C2B500E3D93B /* Products */,
			);
			sourceTree = "<group>";
		};
		608241E71AE2C2B500E3D93B /* Products */ = {
			isa = PBXGroup;
			children = (
				608241E61AE2C2B500E3D93B /* hw2 */,
			);
			name = Products;
			sourceTree = "<group>";
		};
		608241E81AE2C2B500E3D93B /* hw2 */ = {
			isa = PBXGroup;
			children = (
				608241F01AE2C31600E3D93B /* XYShoutingPerson.m */,
				608241F31AE2C32200E3D93B /* XYPerson.m */,
				608241F41AE2C32200E3D93B /* XYShoutingPerson.h */,
				608241F21AE2C31D00E3D93B /* XYPerson.h */,
				608241E91AE2C2B500E3D93B /* main.m */,
			);
			path = hw2;
			sourceTree = "<group>";
		};
/* End PBXGroup section */

/* Begin PBXNativeTarget section */
		608241E51AE2C2B500E3D93B /* hw2 */ = {
			isa = PBXNativeTarget;
			buildConfigurationList = 608241ED1AE2C2B500E3D93B /* Build configuration list for PBXNativeTarget "hw2" */;
			buildPhases = (
				608241E21AE2C2B500E3D93B /* Sources */,
				608241E31AE2C2B500E3D93B /* Frameworks */,
				608241E41AE2C2B500E3D93B /* CopyFiles */,
			);
			buildRules = (
			);
			dependencies = (
			);
			name = hw2;
			productName = hw2;
			productReference = 608241E61AE2C2B500E3D93B /* hw2 */;
			productType = "com.apple.product-type.tool";
		};
/* End PBXNativeTarget section */

/* Begin PBXProject section */
		608241DE1AE2C2B500E3D93B /* Project object */ = {
			isa = PBXProject;
			attributes = {
				LastUpgradeCheck = 0630;
				ORGANIZATIONNAME = miniflycn;
				TargetAttributes = {
					608241E51AE2C2B500E3D93B = {
						CreatedOnToolsVersion = 6.3;
					};
				};
			};
			buildConfigurationList = 608241E11AE2C2B500E3D93B /* Build configuration list for PBXProject "hw2" */;
			compatibilityVersion = "Xcode 3.2";
			developmentRegion = English;
			hasScannedForEncodings = 0;
			knownRegions = (
				en,
			);
			mainGroup = 608241DD1AE2C2B500E3D93B;
			productRefGroup = 608241E71AE2C2B500E3D93B /* Products */;
			projectDirPath = "";
			projectRoot = "";
			targets = (
				608241E51AE2C2B500E3D93B /* hw2 */,
			);
		};
/* End PBXProject section */

/* Begin PBXSourcesBuildPhase section */
		608241E21AE2C2B500E3D93B /* Sources */ = {
			isa = PBXSourcesBuildPhase;
			buildActionMask = 2147483647;
			files = (
				608241F11AE2C31600E3D93B /* XYShoutingPerson.m in Sources */,
				608241EA1AE2C2B500E3D93B /* main.m in Sources */,
				608241F51AE2C32200E3D93B /* XYPerson.m in Sources */,
			);
			runOnlyForDeploymentPostprocessing = 0;
		};
/* End PBXSourcesBuildPhase section */

/* Begin XCBuildConfiguration section */
		608241EB1AE2C2B500E3D93B /* Debug */ = {
			isa = XCBuildConfiguration;
			buildSettings = {
				ALWAYS_SEARCH_USER_PATHS = NO;
				CLANG_CXX_LANGUAGE_STANDARD = "gnu++0x";
				CLANG_CXX_LIBRARY = "libc++";
				CLANG_ENABLE_MODULES = YES;
				CLANG_ENABLE_OBJC_ARC = YES;
				CLANG_WARN_BOOL_CONVERSION = YES;
				CLANG_WARN_CONSTANT_CONVERSION = YES;
				CLANG_WARN_DIRECT_OBJC_ISA_USAGE = YES_ERROR;
				CLANG_WARN_EMPTY_BODY = YES;
				CLANG_WARN_ENUM_CONVERSION = YES;
				CLANG_WARN_INT_CONVERSION = YES;
				CLANG_WARN_OBJC_ROOT_CLASS = YES_ERROR;
				CLANG_WARN_UNREACHABLE_CODE = YES;
				CLANG_WARN__DUPLICATE_METHOD_MATCH = YES;
				COPY_PHASE_STRIP = NO;
				DEBUG_INFORMATION_FORMAT = dwarf;
				ENABLE_STRICT_OBJC_MSGSEND = YES;
				GCC_C_LANGUAGE_STANDARD = gnu99;
				GCC_DYNAMIC_NO_PIC = NO;
				GCC_NO_COMMON_BLOCKS = YES;
				GCC_OPTIMIZATION_LEVEL = 0;
				GCC_PREPROCESSOR_DEFINITIONS = (
					"DEBUG=1",
					"$(inherited)",
				);
				GCC_SYMBOLS_PRIVATE_EXTERN = NO;
				GCC_WARN_64_TO_32_BIT_CONVERSION = YES;
				GCC_WARN_ABOUT_RETURN_TYPE = YES_ERROR;
				GCC_WARN_UNDECLARED_SELECTOR = YES;
				GCC_WARN_UNINITIALIZED_AUTOS = YES_AGGRESSIVE;
				GCC_WARN_UNUSED_FUNCTION = YES;
				GCC_WARN_UNUSED_VARIABLE = YES;
				MACOSX_DEPLOYMENT_TARGET = 10.10;
				MTL_ENABLE_DEBUG_INFO = YES;
				ONLY_ACTIVE_ARCH = YES;
				SDKROOT = macosx;
			};
			name = Debug;
		};
		608241EC1AE2C2B500E3D93B /* Release */ = {
			isa = XCBuildConfiguration;
			buildSettings = {
				ALWAYS_SEARCH_USER_PATHS = NO;
				CLANG_CXX_LANGUAGE_STANDARD = "gnu++0x";
				CLANG_CXX_LIBRARY = "libc++";
				CLANG_ENABLE_MODULES = YES;
				CLANG_ENABLE_OBJC_ARC = YES;
				CLANG_WARN_BOOL_CONVERSION = YES;
				CLANG_WARN_CONSTANT_CONVERSION = YES;
				CLANG_WARN_DIRECT_OBJC_ISA_USAGE = YES_ERROR;
				CLANG_WARN_EMPTY_BODY = YES;
				CLANG_WARN_ENUM_CONVERSION = YES;
				CLANG_WARN_INT_CONVERSION = YES;
				CLANG_WARN_OBJC_ROOT_CLASS = YES_ERROR;
				CLANG_WARN_UNREACHABLE_CODE = YES;
				CLANG_WARN__DUPLICATE_METHOD_MATCH = YES;
				COPY_PHASE_STRIP = NO;
				DEBUG_INFORMATION_FORMAT = "dwarf-with-dsym";
				ENABLE_NS_ASSERTIONS = NO;
				ENABLE_STRICT_OBJC_MSGSEND = YES;
				GCC_C_LANGUAGE_STANDARD = gnu99;
				GCC_NO_COMMON_BLOCKS = YES;
				GCC_WARN_64_TO_32_BIT_CONVERSION = YES;
				GCC_WARN_ABOUT_RETURN_TYPE = YES_ERROR;
				GCC_WARN_UNDECLARED_SELECTOR = YES;
				GCC_WARN_UNINITIALIZED_AUTOS = YES_AGGRESSIVE;
				GCC_WARN_UNUSED_FUNCTION = YES;
				GCC_WARN_UNUSED_VARIABLE = YES;
				MACOSX_DEPLOYMENT_TARGET = 10.10;
				MTL_ENABLE_DEBUG_INFO = NO;
				SDKROOT = macosx;
			};
			name = Release;
		};
		608241EE1AE2C2B500E3D93B /* Debug */ = {
			isa = XCBuildConfiguration;
			buildSettings = {
				PRODUCT_NAME = "$(TARGET_NAME)";
			};
			name = Debug;
		};
		608241EF1AE2C2B500E3D93B /* Release */ = {
			isa = XCBuildConfiguration;
			buildSettings = {
				PRODUCT_NAME = "$(TARGET_NAME)";
			};
			name = Release;
		};
/* End XCBuildConfiguration section */

/* Begin XCConfigurationList section */
		608241E11AE2C2B500E3D93B /* Build configuration list for PBXProject "hw2" */ = {
			isa = XCConfigurationList;
			buildConfigurations = (
				608241EB1AE2C2B500E3D93B /* Debug */,
				608241EC1AE2C2B500E3D93B /* Release */,
			);
			defaultConfigurationIsVisible = 0;
			defaultConfigurationName = Release;
		};
		608241ED1AE2C2B500E3D93B /* Build configuration list for PBXNativeTarget "hw2" */ = {
			isa = XCConfigurationList;
			buildConfigurations = (
				608241EE1AE2C2B500E3D93B /* Debug */,
				608241EF1AE2C2B500E3D93B /* Release */,
			);
			defaultConfigurationIsVisible = 0;
		};
/* End XCConfigurationList section */
	};
	rootObject = 608241DE1AE2C2B500E3D93B /* Project object */;
}
