// !$*UTF8*$!
{
	archiveVersion = 1;
	classes = {
	};
	objectVersion = 46;
	objects = {

/* Begin PBXBuildFile section */
		60B53B811AE2658B00843D4C /* main.m in Sources */ = {isa = PBXBuildFile; fileRef = 60B53B801AE2658B00843D4C /* main.m */; };
		60C6A5DC1AE286AC005C583C /* XYPerson.m in Sources */ = {isa = PBXBuildFile; fileRef = 60C6A5DB1AE286AC005C583C /* XYPerson.m */; };
		60C6A5DF1AE29405005C583C /* XYShoutingPerson.m in Sources */ = {isa = PBXBuildFile; fileRef = 60C6A5DE1AE29405005C583C /* XYShoutingPerson.m */; };
/* End PBXBuildFile section */

/* Begin PBXCopyFilesBuildPhase section */
		60B53B7B1AE2658B00843D4C /* CopyFiles */ = {
			isa = PBXCopyFilesBuildPhase;
			buildActionMask = 2147483647;
			dstPath = /usr/share/man/man1/;
			dstSubfolderSpec = 0;
			files = (
			);
			runOnlyForDeploymentPostprocessing = 1;
		};
/* End PBXCopyFilesBuildPhase section */

/* Begin PBXFileReference section */
		60B53B7D1AE2658B00843D4C /* test */ = {isa = PBXFileReference; explicitFileType = "compiled.mach-o.executable"; includeInIndex = 0; path = test; sourceTree = BUILT_PRODUCTS_DIR; };
		60B53B801AE2658B00843D4C /* main.m */ = {isa = PBXFileReference; lastKnownFileType = sourcecode.c.objc; path = main.m; sourceTree = "<group>"; };
		60C6A5DA1AE28611005C583C /* XYPerson.h */ = {isa = PBXFileReference; lastKnownFileType = sourcecode.c.h; path = XYPerson.h; sourceTree = "<group>"; };
		60C6A5DB1AE286AC005C583C /* XYPerson.m */ = {isa = PBXFileReference; fileEncoding = 4; lastKnownFileType = sourcecode.c.objc; path = XYPerson.m; sourceTree = "<group>"; };
		60C6A5DD1AE293F5005C583C /* XYShoutingPerson.h */ = {isa = PBXFileReference; lastKnownFileType = sourcecode.c.h; path = XYShoutingPerson.h; sourceTree = "<group>"; };
		60C6A5DE1AE29405005C583C /* XYShoutingPerson.m */ = {isa = PBXFileReference; fileEncoding = 4; lastKnownFileType = sourcecode.c.objc; path = XYShoutingPerson.m; sourceTree = "<group>"; };
/* End PBXFileReference section */

/* Begin PBXFrameworksBuildPhase section */
		60B53B7A1AE2658B00843D4C /* Frameworks */ = {
			isa = PBXFrameworksBuildPhase;
			buildActionMask = 2147483647;
			files = (
			);
			runOnlyForDeploymentPostprocessing = 0;
		};
/* End PBXFrameworksBuildPhase section */

/* Begin PBXGroup section */
		60B53B741AE2658B00843D4C = {
			isa = PBXGroup;
			children = (
				60B53B7F1AE2658B00843D4C /* hw1 */,
				60B53B7E1AE2658B00843D4C /* Products */,
			);
			sourceTree = "<group>";
		};
		60B53B7E1AE2658B00843D4C /* Products */ = {
			isa = PBXGroup;
			children = (
				60B53B7D1AE2658B00843D4C /* test */,
			);
			name = Products;
			sourceTree = "<group>";
		};
		60B53B7F1AE2658B00843D4C /* hw1 */ = {
			isa = PBXGroup;
			children = (
				60B53B801AE2658B00843D4C /* main.m */,
				60C6A5DA1AE28611005C583C /* XYPerson.h */,
				60C6A5DB1AE286AC005C583C /* XYPerson.m */,
				60C6A5DD1AE293F5005C583C /* XYShoutingPerson.h */,
				60C6A5DE1AE29405005C583C /* XYShoutingPerson.m */,
			);
			path = hw1;
			sourceTree = "<group>";
		};
/* End PBXGroup section */

/* Begin PBXNativeTarget section */
		60B53B7C1AE2658B00843D4C /* test */ = {
			isa = PBXNativeTarget;
			buildConfigurationList = 60B53B841AE2658B00843D4C /* Build configuration list for PBXNativeTarget "test" */;
			buildPhases = (
				60B53B791AE2658B00843D4C /* Sources */,
				60B53B7A1AE2658B00843D4C /* Frameworks */,
				60B53B7B1AE2658B00843D4C /* CopyFiles */,
			);
			buildRules = (
			);
			dependencies = (
			);
			name = test;
			productName = test;
			productReference = 60B53B7D1AE2658B00843D4C /* test */;
			productType = "com.apple.product-type.tool";
		};
/* End PBXNativeTarget section */

/* Begin PBXProject section */
		60B53B751AE2658B00843D4C /* Project object */ = {
			isa = PBXProject;
			attributes = {
				LastUpgradeCheck = 0620;
				ORGANIZATIONNAME = "杨 文坚";
				TargetAttributes = {
					60B53B7C1AE2658B00843D4C = {
						CreatedOnToolsVersion = 6.2;
					};
				};
			};
			buildConfigurationList = 60B53B781AE2658B00843D4C /* Build configuration list for PBXProject "hw1" */;
			compatibilityVersion = "Xcode 3.2";
			developmentRegion = English;
			hasScannedForEncodings = 0;
			knownRegions = (
				en,
			);
			mainGroup = 60B53B741AE2658B00843D4C;
			productRefGroup = 60B53B7E1AE2658B00843D4C /* Products */;
			projectDirPath = "";
			projectRoot = "";
			targets = (
				60B53B7C1AE2658B00843D4C /* test */,
			);
		};
/* End PBXProject section */

/* Begin PBXSourcesBuildPhase section */
		60B53B791AE2658B00843D4C /* Sources */ = {
			isa = PBXSourcesBuildPhase;
			buildActionMask = 2147483647;
			files = (
				60C6A5DF1AE29405005C583C /* XYShoutingPerson.m in Sources */,
				60B53B811AE2658B00843D4C /* main.m in Sources */,
				60C6A5DC1AE286AC005C583C /* XYPerson.m in Sources */,
			);
			runOnlyForDeploymentPostprocessing = 0;
		};
/* End PBXSourcesBuildPhase section */

/* Begin XCBuildConfiguration section */
		60B53B821AE2658B00843D4C /* Debug */ = {
			isa = XCBuildConfiguration;
			buildSettings = {
				ALWAYS_SEARCH_USER_PATHS = NO;
				CLANG_CXX_LANGUAGE_STANDARD = "gnu++0x";
				CLANG_CXX_LIBRARY = "libc++";
				CLANG_ENABLE_MODULES = YES;
				CLANG_ENABLE_OBJC_ARC = YES;
				CLANG_WARN_BOOL_CONVERSION = YES;
				CLANG_WARN_CONSTANT_CONVERSION = YES;
				CLANG_WARN_DIRECT_OBJC_ISA_USAGE = YES_ERROR;
				CLANG_WARN_EMPTY_BODY = YES;
				CLANG_WARN_ENUM_CONVERSION = YES;
				CLANG_WARN_INT_CONVERSION = YES;
				CLANG_WARN_OBJC_ROOT_CLASS = YES_ERROR;
				CLANG_WARN_UNREACHABLE_CODE = YES;
				CLANG_WARN__DUPLICATE_METHOD_MATCH = YES;
				COPY_PHASE_STRIP = NO;
				ENABLE_STRICT_OBJC_MSGSEND = YES;
				GCC_C_LANGUAGE_STANDARD = gnu99;
				GCC_DYNAMIC_NO_PIC = NO;
				GCC_OPTIMIZATION_LEVEL = 0;
				GCC_PREPROCESSOR_DEFINITIONS = (
					"DEBUG=1",
					"$(inherited)",
				);
				GCC_SYMBOLS_PRIVATE_EXTERN = NO;
				GCC_WARN_64_TO_32_BIT_CONVERSION = YES;
				GCC_WARN_ABOUT_RETURN_TYPE = YES_ERROR;
				GCC_WARN_UNDECLARED_SELECTOR = YES;
				GCC_WARN_UNINITIALIZED_AUTOS = YES_AGGRESSIVE;
				GCC_WARN_UNUSED_FUNCTION = YES;
				GCC_WARN_UNUSED_VARIABLE = YES;
				MACOSX_DEPLOYMENT_TARGET = 10.10;
				MTL_ENABLE_DEBUG_INFO = YES;
				ONLY_ACTIVE_ARCH = YES;
				SDKROOT = macosx;
			};
			name = Debug;
		};
		60B53B831AE2658B00843D4C /* Release */ = {
			isa = XCBuildConfiguration;
			buildSettings = {
				ALWAYS_SEARCH_USER_PATHS = NO;
				CLANG_CXX_LANGUAGE_STANDARD = "gnu++0x";
				CLANG_CXX_LIBRARY = "libc++";
				CLANG_ENABLE_MODULES = YES;
				CLANG_ENABLE_OBJC_ARC = YES;
				CLANG_WARN_BOOL_CONVERSION = YES;
				CLANG_WARN_CONSTANT_CONVERSION = YES;
				CLANG_WARN_DIRECT_OBJC_ISA_USAGE = YES_ERROR;
				CLANG_WARN_EMPTY_BODY = YES;
				CLANG_WARN_ENUM_CONVERSION = YES;
				CLANG_WARN_INT_CONVERSION = YES;
				CLANG_WARN_OBJC_ROOT_CLASS = YES_ERROR;
				CLANG_WARN_UNREACHABLE_CODE = YES;
				CLANG_WARN__DUPLICATE_METHOD_MATCH = YES;
				COPY_PHASE_STRIP = NO;
				DEBUG_INFORMATION_FORMAT = "dwarf-with-dsym";
				ENABLE_NS_ASSERTIONS = NO;
				ENABLE_STRICT_OBJC_MSGSEND = YES;
				GCC_C_LANGUAGE_STANDARD = gnu99;
				GCC_WARN_64_TO_32_BIT_CONVERSION = YES;
				GCC_WARN_ABOUT_RETURN_TYPE = YES_ERROR;
				GCC_WARN_UNDECLARED_SELECTOR = YES;
				GCC_WARN_UNINITIALIZED_AUTOS = YES_AGGRESSIVE;
				GCC_WARN_UNUSED_FUNCTION = YES;
				GCC_WARN_UNUSED_VARIABLE = YES;
				MACOSX_DEPLOYMENT_TARGET = 10.10;
				MTL_ENABLE_DEBUG_INFO = NO;
				SDKROOT = macosx;
			};
			name = Release;
		};
		60B53B851AE2658B00843D4C /* Debug */ = {
			isa = XCBuildConfiguration;
			buildSettings = {
				PRODUCT_NAME = "$(TARGET_NAME)";
			};
			name = Debug;
		};
		60B53B861AE2658B00843D4C /* Release */ = {
			isa = XCBuildConfiguration;
			buildSettings = {
				PRODUCT_NAME = "$(TARGET_NAME)";
			};
			name = Release;
		};
/* End XCBuildConfiguration section */

/* Begin XCConfigurationList section */
		60B53B781AE2658B00843D4C /* Build configuration list for PBXProject "hw1" */ = {
			isa = XCConfigurationList;
			buildConfigurations = (
				60B53B821AE2658B00843D4C /* Debug */,
				60B53B831AE2658B00843D4C /* Release */,
			);
			defaultConfigurationIsVisible = 0;
			defaultConfigurationName = Release;
		};
		60B53B841AE2658B00843D4C /* Build configuration list for PBXNativeTarget "test" */ = {
			isa = XCConfigurationList;
			buildConfigurations = (
				60B53B851AE2658B00843D4C /* Debug */,
				60B53B861AE2658B00843D4C /* Release */,
			);
			defaultConfigurationIsVisible = 0;
			defaultConfigurationName = Release;
		};
/* End XCConfigurationList section */
	};
	rootObject = 60B53B751AE2658B00843D4C /* Project object */;
}
